// !$*UTF8*$!
{
	archiveVersion = 1;
	classes = {
	};
	objectVersion = 56;
	objects = {

/* Begin PBXBuildFile section */
		4211D3B72C8846C30042F631 /* Search.h in Headers */ = {isa = PBXBuildFile; fileRef = 4211D3B62C8846C30042F631 /* Search.h */; settings = {ATTRIBUTES = (Public, ); }; };
		4211D3BF2C8846C70042F631 /* BuildSharedFramework.framework in Frameworks */ = {isa = PBXBuildFile; fileRef = 4211D3BE2C8846C70042F631 /* BuildSharedFramework.framework */; };
		4211D3C02C8846C70042F631 /* BuildSharedFramework.framework in Embed Frameworks */ = {isa = PBXBuildFile; fileRef = 4211D3BE2C8846C70042F631 /* BuildSharedFramework.framework */; settings = {ATTRIBUTES = (CodeSignOnCopy, RemoveHeadersOnCopy, ); }; };
		4211D3C32C8846CC0042F631 /* Views.framework in Frameworks */ = {isa = PBXBuildFile; fileRef = 4211D3C22C8846CC0042F631 /* Views.framework */; };
		4211D3C42C8846CC0042F631 /* Views.framework in Embed Frameworks */ = {isa = PBXBuildFile; fileRef = 4211D3C22C8846CC0042F631 /* Views.framework */; settings = {ATTRIBUTES = (CodeSignOnCopy, RemoveHeadersOnCopy, ); }; };
		4211D3C62C8846D50042F631 /* Mvvm.framework in Frameworks */ = {isa = PBXBuildFile; fileRef = 4211D3C52C8846D50042F631 /* Mvvm.framework */; };
		4211D3C72C8846D50042F631 /* Mvvm.framework in Embed Frameworks */ = {isa = PBXBuildFile; fileRef = 4211D3C52C8846D50042F631 /* Mvvm.framework */; settings = {ATTRIBUTES = (CodeSignOnCopy, RemoveHeadersOnCopy, ); }; };
		4211D3CC2C8846FA0042F631 /* SearchListItemView.swift in Sources */ = {isa = PBXBuildFile; fileRef = 4211D3CA2C8846F90042F631 /* SearchListItemView.swift */; };
		4211D3CD2C8846FA0042F631 /* SearchScreenCreator.swift in Sources */ = {isa = PBXBuildFile; fileRef = 4211D3CB2C8846FA0042F631 /* SearchScreenCreator.swift */; };
		4211D3CE2C8846FA0042F631 /* SearchScreenView.swift in Sources */ = {isa = PBXBuildFile; fileRef = 4211D3C92C8846F90042F631 /* SearchScreenView.swift */; };
		4211D3CF2C8846FA0042F631 /* SearchStateView.swift in Sources */ = {isa = PBXBuildFile; fileRef = 4211D3C82C8846F90042F631 /* SearchStateView.swift */; };
/* End PBXBuildFile section */

/* Begin PBXCopyFilesBuildPhase section */
		4211D3C12C8846C70042F631 /* Embed Frameworks */ = {
			isa = PBXCopyFilesBuildPhase;
			buildActionMask = 2147483647;
			dstPath = "";
			dstSubfolderSpec = 10;
			files = (
				4211D3C72C8846D50042F631 /* Mvvm.framework in Embed Frameworks */,
				4211D3C02C8846C70042F631 /* BuildSharedFramework.framework in Embed Frameworks */,
				4211D3C42C8846CC0042F631 /* Views.framework in Embed Frameworks */,
			);
			name = "Embed Frameworks";
			runOnlyForDeploymentPostprocessing = 0;
		};
/* End PBXCopyFilesBuildPhase section */

/* Begin PBXFileReference section */
		4211D3B32C8846C30042F631 /* Search.framework */ = {isa = PBXFileReference; explicitFileType = wrapper.framework; includeInIndex = 0; path = Search.framework; sourceTree = BUILT_PRODUCTS_DIR; };
		4211D3B62C8846C30042F631 /* Search.h */ = {isa = PBXFileReference; lastKnownFileType = sourcecode.c.h; path = Search.h; sourceTree = "<group>"; };
		4211D3BE2C8846C70042F631 /* BuildSharedFramework.framework */ = {isa = PBXFileReference; explicitFileType = wrapper.framework; path = BuildSharedFramework.framework; sourceTree = BUILT_PRODUCTS_DIR; };
		4211D3C22C8846CC0042F631 /* Views.framework */ = {isa = PBXFileReference; explicitFileType = wrapper.framework; path = Views.framework; sourceTree = BUILT_PRODUCTS_DIR; };
		4211D3C52C8846D50042F631 /* Mvvm.framework */ = {isa = PBXFileReference; explicitFileType = wrapper.framework; path = Mvvm.framework; sourceTree = BUILT_PRODUCTS_DIR; };
		4211D3C82C8846F90042F631 /* SearchStateView.swift */ = {isa = PBXFileReference; lastKnownFileType = sourcecode.swift; path = SearchStateView.swift; sourceTree = "<group>"; };
		4211D3C92C8846F90042F631 /* SearchScreenView.swift */ = {isa = PBXFileReference; lastKnownFileType = sourcecode.swift; path = SearchScreenView.swift; sourceTree = "<group>"; };
		4211D3CA2C8846F90042F631 /* SearchListItemView.swift */ = {isa = PBXFileReference; lastKnownFileType = sourcecode.swift; path = SearchListItemView.swift; sourceTree = "<group>"; };
		4211D3CB2C8846FA0042F631 /* SearchScreenCreator.swift */ = {isa = PBXFileReference; lastKnownFileType = sourcecode.swift; path = SearchScreenCreator.swift; sourceTree = "<group>"; };
/* End PBXFileReference section */

/* Begin PBXFrameworksBuildPhase section */
		4211D3B02C8846C30042F631 /* Frameworks */ = {
			isa = PBXFrameworksBuildPhase;
			buildActionMask = 2147483647;
			files = (
				4211D3C62C8846D50042F631 /* Mvvm.framework in Frameworks */,
				4211D3BF2C8846C70042F631 /* BuildSharedFramework.framework in Frameworks */,
				4211D3C32C8846CC0042F631 /* Views.framework in Frameworks */,
			);
			runOnlyForDeploymentPostprocessing = 0;
		};
/* End PBXFrameworksBuildPhase section */

/* Begin PBXGroup section */
		4211D3A92C8846C30042F631 = {
			isa = PBXGroup;
			children = (
				4211D3B52C8846C30042F631 /* Search */,
				4211D3B42C8846C30042F631 /* Products */,
				4211D3BD2C8846C70042F631 /* Frameworks */,
			);
			sourceTree = "<group>";
		};
		4211D3B42C8846C30042F631 /* Products */ = {
			isa = PBXGroup;
			children = (
				4211D3B32C8846C30042F631 /* Search.framework */,
			);
			name = Products;
			sourceTree = "<group>";
		};
		4211D3B52C8846C30042F631 /* Search */ = {
			isa = PBXGroup;
			children = (
				4211D3CA2C8846F90042F631 /* SearchListItemView.swift */,
				4211D3C82C8846F90042F631 /* SearchStateView.swift */,
				4211D3C92C8846F90042F631 /* SearchScreenView.swift */,
				4211D3CB2C8846FA0042F631 /* SearchScreenCreator.swift */,
				4211D3B62C8846C30042F631 /* Search.h */,
			);
			path = Search;
			sourceTree = "<group>";
		};
		4211D3BD2C8846C70042F631 /* Frameworks */ = {
			isa = PBXGroup;
			children = (
				4211D3C52C8846D50042F631 /* Mvvm.framework */,
				4211D3C22C8846CC0042F631 /* Views.framework */,
				4211D3BE2C8846C70042F631 /* BuildSharedFramework.framework */,
			);
			name = Frameworks;
			sourceTree = "<group>";
		};
/* End PBXGroup section */

/* Begin PBXHeadersBuildPhase section */
		4211D3AE2C8846C30042F631 /* Headers */ = {
			isa = PBXHeadersBuildPhase;
			buildActionMask = 2147483647;
			files = (
				4211D3B72C8846C30042F631 /* Search.h in Headers */,
			);
			runOnlyForDeploymentPostprocessing = 0;
		};
/* End PBXHeadersBuildPhase section */

/* Begin PBXNativeTarget section */
		4211D3B22C8846C30042F631 /* Search */ = {
			isa = PBXNativeTarget;
			buildConfigurationList = 4211D3BA2C8846C30042F631 /* Build configuration list for PBXNativeTarget "Search" */;
			buildPhases = (
				4211D3AE2C8846C30042F631 /* Headers */,
				4211D3AF2C8846C30042F631 /* Sources */,
				4211D3B02C8846C30042F631 /* Frameworks */,
				4211D3B12C8846C30042F631 /* Resources */,
				4211D3C12C8846C70042F631 /* Embed Frameworks */,
			);
			buildRules = (
			);
			dependencies = (
			);
			name = Search;
			productName = Search;
			productReference = 4211D3B32C8846C30042F631 /* Search.framework */;
			productType = "com.apple.product-type.framework";
		};
/* End PBXNativeTarget section */

/* Begin PBXProject section */
		4211D3AA2C8846C30042F631 /* Project object */ = {
			isa = PBXProject;
			attributes = {
				BuildIndependentTargetsInParallel = 1;
				LastUpgradeCheck = 1540;
				TargetAttributes = {
					4211D3B22C8846C30042F631 = {
						CreatedOnToolsVersion = 15.4;
					};
				};
			};
			buildConfigurationList = 4211D3AD2C8846C30042F631 /* Build configuration list for PBXProject "Search" */;
			compatibilityVersion = "Xcode 14.0";
			developmentRegion = en;
			hasScannedForEncodings = 0;
			knownRegions = (
				en,
				Base,
			);
			mainGroup = 4211D3A92C8846C30042F631;
			productRefGroup = 4211D3B42C8846C30042F631 /* Products */;
			projectDirPath = "";
			projectRoot = "";
			targets = (
				4211D3B22C8846C30042F631 /* Search */,
			);
		};
/* End PBXProject section */

/* Begin PBXResourcesBuildPhase section */
		4211D3B12C8846C30042F631 /* Resources */ = {
			isa = PBXResourcesBuildPhase;
			buildActionMask = 2147483647;
			files = (
			);
			runOnlyForDeploymentPostprocessing = 0;
		};
/* End PBXResourcesBuildPhase section */

/* Begin PBXSourcesBuildPhase section */
		4211D3AF2C8846C30042F631 /* Sources */ = {
			isa = PBXSourcesBuildPhase;
			buildActionMask = 2147483647;
			files = (
				4211D3CD2C8846FA0042F631 /* SearchScreenCreator.swift in Sources */,
				4211D3CE2C8846FA0042F631 /* SearchScreenView.swift in Sources */,
				4211D3CF2C8846FA0042F631 /* SearchStateView.swift in Sources */,
				4211D3CC2C8846FA0042F631 /* SearchListItemView.swift in Sources */,
			);
			runOnlyForDeploymentPostprocessing = 0;
		};
/* End PBXSourcesBuildPhase section */

/* Begin XCBuildConfiguration section */
		4211D3B82C8846C30042F631 /* Debug */ = {
			isa = XCBuildConfiguration;
			buildSettings = {
				ALWAYS_SEARCH_USER_PATHS = NO;
				ASSETCATALOG_COMPILER_GENERATE_SWIFT_ASSET_SYMBOL_EXTENSIONS = YES;
				CLANG_ANALYZER_NONNULL = YES;
				CLANG_ANALYZER_NUMBER_OBJECT_CONVERSION = YES_AGGRESSIVE;
				CLANG_CXX_LANGUAGE_STANDARD = "gnu++20";
				CLANG_ENABLE_MODULES = YES;
				CLANG_ENABLE_OBJC_ARC = YES;
				CLANG_ENABLE_OBJC_WEAK = YES;
				CLANG_WARN_BLOCK_CAPTURE_AUTORELEASING = YES;
				CLANG_WARN_BOOL_CONVERSION = YES;
				CLANG_WARN_COMMA = YES;
				CLANG_WARN_CONSTANT_CONVERSION = YES;
				CLANG_WARN_DEPRECATED_OBJC_IMPLEMENTATIONS = YES;
				CLANG_WARN_DIRECT_OBJC_ISA_USAGE = YES_ERROR;
				CLANG_WARN_DOCUMENTATION_COMMENTS = YES;
				CLANG_WARN_EMPTY_BODY = YES;
				CLANG_WARN_ENUM_CONVERSION = YES;
				CLANG_WARN_INFINITE_RECURSION = YES;
				CLANG_WARN_INT_CONVERSION = YES;
				CLANG_WARN_NON_LITERAL_NULL_CONVERSION = YES;
				CLANG_WARN_OBJC_IMPLICIT_RETAIN_SELF = YES;
				CLANG_WARN_OBJC_LITERAL_CONVERSION = YES;
				CLANG_WARN_OBJC_ROOT_CLASS = YES_ERROR;
				CLANG_WARN_QUOTED_INCLUDE_IN_FRAMEWORK_HEADER = YES;
				CLANG_WARN_RANGE_LOOP_ANALYSIS = YES;
				CLANG_WARN_STRICT_PROTOTYPES = YES;
				CLANG_WARN_SUSPICIOUS_MOVE = YES;
				CLANG_WARN_UNGUARDED_AVAILABILITY = YES_AGGRESSIVE;
				CLANG_WARN_UNREACHABLE_CODE = YES;
				CLANG_WARN__DUPLICATE_METHOD_MATCH = YES;
				COPY_PHASE_STRIP = NO;
				CURRENT_PROJECT_VERSION = 1;
				DEBUG_INFORMATION_FORMAT = dwarf;
				ENABLE_STRICT_OBJC_MSGSEND = YES;
				ENABLE_TESTABILITY = YES;
				ENABLE_USER_SCRIPT_SANDBOXING = YES;
				GCC_C_LANGUAGE_STANDARD = gnu17;
				GCC_DYNAMIC_NO_PIC = NO;
				GCC_NO_COMMON_BLOCKS = YES;
				GCC_OPTIMIZATION_LEVEL = 0;
				GCC_PREPROCESSOR_DEFINITIONS = (
					"DEBUG=1",
					"$(inherited)",
				);
				GCC_WARN_64_TO_32_BIT_CONVERSION = YES;
				GCC_WARN_ABOUT_RETURN_TYPE = YES_ERROR;
				GCC_WARN_UNDECLARED_SELECTOR = YES;
				GCC_WARN_UNINITIALIZED_AUTOS = YES_AGGRESSIVE;
				GCC_WARN_UNUSED_FUNCTION = YES;
				GCC_WARN_UNUSED_VARIABLE = YES;
				IPHONEOS_DEPLOYMENT_TARGET = 17.5;
				LOCALIZATION_PREFERS_STRING_CATALOGS = YES;
				MTL_ENABLE_DEBUG_INFO = INCLUDE_SOURCE;
				MTL_FAST_MATH = YES;
				ONLY_ACTIVE_ARCH = YES;
				SDKROOT = iphoneos;
				SWIFT_ACTIVE_COMPILATION_CONDITIONS = "DEBUG $(inherited)";
				SWIFT_OPTIMIZATION_LEVEL = "-Onone";
				VERSIONING_SYSTEM = "apple-generic";
				VERSION_INFO_PREFIX = "";
			};
			name = Debug;
		};
		4211D3B92C8846C30042F631 /* Release */ = {
			isa = XCBuildConfiguration;
			buildSettings = {
				ALWAYS_SEARCH_USER_PATHS = NO;
				ASSETCATALOG_COMPILER_GENERATE_SWIFT_ASSET_SYMBOL_EXTENSIONS = YES;
				CLANG_ANALYZER_NONNULL = YES;
				CLANG_ANALYZER_NUMBER_OBJECT_CONVERSION = YES_AGGRESSIVE;
				CLANG_CXX_LANGUAGE_STANDARD = "gnu++20";
				CLANG_ENABLE_MODULES = YES;
				CLANG_ENABLE_OBJC_ARC = YES;
				CLANG_ENABLE_OBJC_WEAK = YES;
				CLANG_WARN_BLOCK_CAPTURE_AUTORELEASING = YES;
				CLANG_WARN_BOOL_CONVERSION = YES;
				CLANG_WARN_COMMA = YES;
				CLANG_WARN_CONSTANT_CONVERSION = YES;
				CLANG_WARN_DEPRECATED_OBJC_IMPLEMENTATIONS = YES;
				CLANG_WARN_DIRECT_OBJC_ISA_USAGE = YES_ERROR;
				CLANG_WARN_DOCUMENTATION_COMMENTS = YES;
				CLANG_WARN_EMPTY_BODY = YES;
				CLANG_WARN_ENUM_CONVERSION = YES;
				CLANG_WARN_INFINITE_RECURSION = YES;
				CLANG_WARN_INT_CONVERSION = YES;
				CLANG_WARN_NON_LITERAL_NULL_CONVERSION = YES;
				CLANG_WARN_OBJC_IMPLICIT_RETAIN_SELF = YES;
				CLANG_WARN_OBJC_LITERAL_CONVERSION = YES;
				CLANG_WARN_OBJC_ROOT_CLASS = YES_ERROR;
				CLANG_WARN_QUOTED_INCLUDE_IN_FRAMEWORK_HEADER = YES;
				CLANG_WARN_RANGE_LOOP_ANALYSIS = YES;
				CLANG_WARN_STRICT_PROTOTYPES = YES;
				CLANG_WARN_SUSPICIOUS_MOVE = YES;
				CLANG_WARN_UNGUARDED_AVAILABILITY = YES_AGGRESSIVE;
				CLANG_WARN_UNREACHABLE_CODE = YES;
				CLANG_WARN__DUPLICATE_METHOD_MATCH = YES;
				COPY_PHASE_STRIP = NO;
				CURRENT_PROJECT_VERSION = 1;
				DEBUG_INFORMATION_FORMAT = "dwarf-with-dsym";
				ENABLE_NS_ASSERTIONS = NO;
				ENABLE_STRICT_OBJC_MSGSEND = YES;
				ENABLE_USER_SCRIPT_SANDBOXING = YES;
				GCC_C_LANGUAGE_STANDARD = gnu17;
				GCC_NO_COMMON_BLOCKS = YES;
				GCC_WARN_64_TO_32_BIT_CONVERSION = YES;
				GCC_WARN_ABOUT_RETURN_TYPE = YES_ERROR;
				GCC_WARN_UNDECLARED_SELECTOR = YES;
				GCC_WARN_UNINITIALIZED_AUTOS = YES_AGGRESSIVE;
				GCC_WARN_UNUSED_FUNCTION = YES;
				GCC_WARN_UNUSED_VARIABLE = YES;
				IPHONEOS_DEPLOYMENT_TARGET = 17.5;
				LOCALIZATION_PREFERS_STRING_CATALOGS = YES;
				MTL_ENABLE_DEBUG_INFO = NO;
				MTL_FAST_MATH = YES;
				SDKROOT = iphoneos;
				SWIFT_COMPILATION_MODE = wholemodule;
				VALIDATE_PRODUCT = YES;
				VERSIONING_SYSTEM = "apple-generic";
				VERSION_INFO_PREFIX = "";
			};
			name = Release;
		};
		4211D3BB2C8846C30042F631 /* Debug */ = {
			isa = XCBuildConfiguration;
			buildSettings = {
				BUILD_LIBRARY_FOR_DISTRIBUTION = YES;
				CODE_SIGN_STYLE = Automatic;
				CURRENT_PROJECT_VERSION = 1;
				DEFINES_MODULE = YES;
				DEVELOPMENT_TEAM = Z3L9WQ82SG;
				DYLIB_COMPATIBILITY_VERSION = 1;
				DYLIB_CURRENT_VERSION = 1;
				DYLIB_INSTALL_NAME_BASE = "@rpath";
				ENABLE_MODULE_VERIFIER = YES;
				FRAMEWORK_SEARCH_PATHS = "$(SRCROOT)/../../shared/build/xcode-frameworks/$(CONFIGURATION)/$(SDK_NAME)";
				GENERATE_INFOPLIST_FILE = YES;
				INFOPLIST_KEY_NSHumanReadableCopyright = "";
				INSTALL_PATH = "$(LOCAL_LIBRARY_DIR)/Frameworks";
				LD_RUNPATH_SEARCH_PATHS = (
					"$(inherited)",
					"@executable_path/Frameworks",
					"@loader_path/Frameworks",
					"$(SRCROOT)/../../shared/build/xcode-frameworks/$(CONFIGURATION)/$(SDK_NAME)",
				);
				MARKETING_VERSION = 1.0;
				MODULE_VERIFIER_SUPPORTED_LANGUAGES = "objective-c objective-c++";
				MODULE_VERIFIER_SUPPORTED_LANGUAGE_STANDARDS = "gnu17 gnu++20";
				PRODUCT_BUNDLE_IDENTIFIER = OpenCritic.Search;
				PRODUCT_NAME = "$(TARGET_NAME:c99extidentifier)";
				SKIP_INSTALL = YES;
				SWIFT_EMIT_LOC_STRINGS = YES;
				SWIFT_INSTALL_OBJC_HEADER = NO;
				SWIFT_VERSION = 5.0;
				TARGETED_DEVICE_FAMILY = "1,2";
			};
			name = Debug;
		};
		4211D3BC2C8846C30042F631 /* Release */ = {
			isa = XCBuildConfiguration;
			buildSettings = {
				BUILD_LIBRARY_FOR_DISTRIBUTION = YES;
				CODE_SIGN_STYLE = Automatic;
				CURRENT_PROJECT_VERSION = 1;
				DEFINES_MODULE = YES;
				DEVELOPMENT_TEAM = Z3L9WQ82SG;
				DYLIB_COMPATIBILITY_VERSION = 1;
				DYLIB_CURRENT_VERSION = 1;
				DYLIB_INSTALL_NAME_BASE = "@rpath";
				ENABLE_MODULE_VERIFIER = YES;
				FRAMEWORK_SEARCH_PATHS = "$(SRCROOT)/../../shared/build/xcode-frameworks/$(CONFIGURATION)/$(SDK_NAME)";
				GENERATE_INFOPLIST_FILE = YES;
				INFOPLIST_KEY_NSHumanReadableCopyright = "";
				INSTALL_PATH = "$(LOCAL_LIBRARY_DIR)/Frameworks";
				LD_RUNPATH_SEARCH_PATHS = (
					"$(inherited)",
					"@executable_path/Frameworks",
					"@loader_path/Frameworks",
					"$(SRCROOT)/../../shared/build/xcode-frameworks/$(CONFIGURATION)/$(SDK_NAME)",
				);
				MARKETING_VERSION = 1.0;
				MODULE_VERIFIER_SUPPORTED_LANGUAGES = "objective-c objective-c++";
				MODULE_VERIFIER_SUPPORTED_LANGUAGE_STANDARDS = "gnu17 gnu++20";
				PRODUCT_BUNDLE_IDENTIFIER = OpenCritic.Search;
				PRODUCT_NAME = "$(TARGET_NAME:c99extidentifier)";
				SKIP_INSTALL = YES;
				SWIFT_EMIT_LOC_STRINGS = YES;
				SWIFT_INSTALL_OBJC_HEADER = NO;
				SWIFT_VERSION = 5.0;
				TARGETED_DEVICE_FAMILY = "1,2";
			};
			name = Release;
		};
/* End XCBuildConfiguration section */

/* Begin XCConfigurationList section */
		4211D3AD2C8846C30042F631 /* Build configuration list for PBXProject "Search" */ = {
			isa = XCConfigurationList;
			buildConfigurations = (
				4211D3B82C8846C30042F631 /* Debug */,
				4211D3B92C8846C30042F631 /* Release */,
			);
			defaultConfigurationIsVisible = 0;
			defaultConfigurationName = Release;
		};
		4211D3BA2C8846C30042F631 /* Build configuration list for PBXNativeTarget "Search" */ = {
			isa = XCConfigurationList;
			buildConfigurations = (
				4211D3BB2C8846C30042F631 /* Debug */,
				4211D3BC2C8846C30042F631 /* Release */,
			);
			defaultConfigurationIsVisible = 0;
			defaultConfigurationName = Release;
		};
/* End XCConfigurationList section */
	};
	rootObject = 4211D3AA2C8846C30042F631 /* Project object */;
}
