// !$*UTF8*$!
{
	archiveVersion = 1;
	classes = {
	};
	objectVersion = 56;
	objects = {

/* Begin PBXBuildFile section */
		4211D3492C8845300042F631 /* News.h in Headers */ = {isa = PBXBuildFile; fileRef = 4211D3482C8845300042F631 /* News.h */; settings = {ATTRIBUTES = (Public, ); }; };
		4211D3512C88453A0042F631 /* BuildSharedFramework.framework in Frameworks */ = {isa = PBXBuildFile; fileRef = 4211D3502C88453A0042F631 /* BuildSharedFramework.framework */; };
		4211D3522C88453A0042F631 /* BuildSharedFramework.framework in Embed Frameworks */ = {isa = PBXBuildFile; fileRef = 4211D3502C88453A0042F631 /* BuildSharedFramework.framework */; settings = {ATTRIBUTES = (CodeSignOnCopy, RemoveHeadersOnCopy, ); }; };
		4211D3552C88453F0042F631 /* Views.framework in Frameworks */ = {isa = PBXBuildFile; fileRef = 4211D3542C88453F0042F631 /* Views.framework */; };
		4211D3562C88453F0042F631 /* Views.framework in Embed Frameworks */ = {isa = PBXBuildFile; fileRef = 4211D3542C88453F0042F631 /* Views.framework */; settings = {ATTRIBUTES = (CodeSignOnCopy, RemoveHeadersOnCopy, ); }; };
		4211D3582C8845430042F631 /* Mvvm.framework in Frameworks */ = {isa = PBXBuildFile; fileRef = 4211D3572C8845430042F631 /* Mvvm.framework */; };
		4211D3592C8845430042F631 /* Mvvm.framework in Embed Frameworks */ = {isa = PBXBuildFile; fileRef = 4211D3572C8845430042F631 /* Mvvm.framework */; settings = {ATTRIBUTES = (CodeSignOnCopy, RemoveHeadersOnCopy, ); }; };
		4211D3642C8845610042F631 /* ArticleHorizontalListItemView.swift in Sources */ = {isa = PBXBuildFile; fileRef = 4211D35D2C8845610042F631 /* ArticleHorizontalListItemView.swift */; };
		4211D3652C8845610042F631 /* ArticleScreenCreator.swift in Sources */ = {isa = PBXBuildFile; fileRef = 4211D35F2C8845610042F631 /* ArticleScreenCreator.swift */; };
		4211D3662C8845610042F631 /* ArticleContentView.swift in Sources */ = {isa = PBXBuildFile; fileRef = 4211D3612C8845610042F631 /* ArticleContentView.swift */; };
		4211D3672C8845610042F631 /* ArticleListContentView.swift in Sources */ = {isa = PBXBuildFile; fileRef = 4211D35C2C8845610042F631 /* ArticleListContentView.swift */; };
		4211D3682C8845610042F631 /* ArticleListItemView.swift in Sources */ = {isa = PBXBuildFile; fileRef = 4211D3622C8845610042F631 /* ArticleListItemView.swift */; };
		4211D3692C8845610042F631 /* ArticleListScreenCreator.swift in Sources */ = {isa = PBXBuildFile; fileRef = 4211D35E2C8845610042F631 /* ArticleListScreenCreator.swift */; };
		4211D36A2C8845610042F631 /* ArticleWebView.swift in Sources */ = {isa = PBXBuildFile; fileRef = 4211D3602C8845610042F631 /* ArticleWebView.swift */; };
		4211D36B2C8845610042F631 /* ArticleScreenView.swift in Sources */ = {isa = PBXBuildFile; fileRef = 4211D3632C8845610042F631 /* ArticleScreenView.swift */; };
		4211D36C2C8845610042F631 /* ArticleListScreenView.swift in Sources */ = {isa = PBXBuildFile; fileRef = 4211D35B2C8845610042F631 /* ArticleListScreenView.swift */; };
		4211D36D2C8845610042F631 /* ArticleVerticalListItemView.swift in Sources */ = {isa = PBXBuildFile; fileRef = 4211D35A2C8845610042F631 /* ArticleVerticalListItemView.swift */; };
/* End PBXBuildFile section */

/* Begin PBXCopyFilesBuildPhase section */
		4211D3532C88453A0042F631 /* Embed Frameworks */ = {
			isa = PBXCopyFilesBuildPhase;
			buildActionMask = 2147483647;
			dstPath = "";
			dstSubfolderSpec = 10;
			files = (
				4211D3592C8845430042F631 /* Mvvm.framework in Embed Frameworks */,
				4211D3522C88453A0042F631 /* BuildSharedFramework.framework in Embed Frameworks */,
				4211D3562C88453F0042F631 /* Views.framework in Embed Frameworks */,
			);
			name = "Embed Frameworks";
			runOnlyForDeploymentPostprocessing = 0;
		};
/* End PBXCopyFilesBuildPhase section */

/* Begin PBXFileReference section */
		4211D3452C8845300042F631 /* News.framework */ = {isa = PBXFileReference; explicitFileType = wrapper.framework; includeInIndex = 0; path = News.framework; sourceTree = BUILT_PRODUCTS_DIR; };
		4211D3482C8845300042F631 /* News.h */ = {isa = PBXFileReference; lastKnownFileType = sourcecode.c.h; path = News.h; sourceTree = "<group>"; };
		4211D3502C88453A0042F631 /* BuildSharedFramework.framework */ = {isa = PBXFileReference; explicitFileType = wrapper.framework; path = BuildSharedFramework.framework; sourceTree = BUILT_PRODUCTS_DIR; };
		4211D3542C88453F0042F631 /* Views.framework */ = {isa = PBXFileReference; explicitFileType = wrapper.framework; path = Views.framework; sourceTree = BUILT_PRODUCTS_DIR; };
		4211D3572C8845430042F631 /* Mvvm.framework */ = {isa = PBXFileReference; explicitFileType = wrapper.framework; path = Mvvm.framework; sourceTree = BUILT_PRODUCTS_DIR; };
		4211D35A2C8845610042F631 /* ArticleVerticalListItemView.swift */ = {isa = PBXFileReference; lastKnownFileType = sourcecode.swift; path = ArticleVerticalListItemView.swift; sourceTree = "<group>"; };
		4211D35B2C8845610042F631 /* ArticleListScreenView.swift */ = {isa = PBXFileReference; lastKnownFileType = sourcecode.swift; path = ArticleListScreenView.swift; sourceTree = "<group>"; };
		4211D35C2C8845610042F631 /* ArticleListContentView.swift */ = {isa = PBXFileReference; lastKnownFileType = sourcecode.swift; path = ArticleListContentView.swift; sourceTree = "<group>"; };
		4211D35D2C8845610042F631 /* ArticleHorizontalListItemView.swift */ = {isa = PBXFileReference; lastKnownFileType = sourcecode.swift; path = ArticleHorizontalListItemView.swift; sourceTree = "<group>"; };
		4211D35E2C8845610042F631 /* ArticleListScreenCreator.swift */ = {isa = PBXFileReference; lastKnownFileType = sourcecode.swift; path = ArticleListScreenCreator.swift; sourceTree = "<group>"; };
		4211D35F2C8845610042F631 /* ArticleScreenCreator.swift */ = {isa = PBXFileReference; lastKnownFileType = sourcecode.swift; path = ArticleScreenCreator.swift; sourceTree = "<group>"; };
		4211D3602C8845610042F631 /* ArticleWebView.swift */ = {isa = PBXFileReference; lastKnownFileType = sourcecode.swift; path = ArticleWebView.swift; sourceTree = "<group>"; };
		4211D3612C8845610042F631 /* ArticleContentView.swift */ = {isa = PBXFileReference; lastKnownFileType = sourcecode.swift; path = ArticleContentView.swift; sourceTree = "<group>"; };
		4211D3622C8845610042F631 /* ArticleListItemView.swift */ = {isa = PBXFileReference; lastKnownFileType = sourcecode.swift; path = ArticleListItemView.swift; sourceTree = "<group>"; };
		4211D3632C8845610042F631 /* ArticleScreenView.swift */ = {isa = PBXFileReference; lastKnownFileType = sourcecode.swift; path = ArticleScreenView.swift; sourceTree = "<group>"; };
/* End PBXFileReference section */

/* Begin PBXFrameworksBuildPhase section */
		4211D3422C8845300042F631 /* Frameworks */ = {
			isa = PBXFrameworksBuildPhase;
			buildActionMask = 2147483647;
			files = (
				4211D3582C8845430042F631 /* Mvvm.framework in Frameworks */,
				4211D3512C88453A0042F631 /* BuildSharedFramework.framework in Frameworks */,
				4211D3552C88453F0042F631 /* Views.framework in Frameworks */,
			);
			runOnlyForDeploymentPostprocessing = 0;
		};
/* End PBXFrameworksBuildPhase section */

/* Begin PBXGroup section */
		4211D33B2C8845300042F631 = {
			isa = PBXGroup;
			children = (
				4211D3472C8845300042F631 /* News */,
				4211D3462C8845300042F631 /* Products */,
				4211D34F2C88453A0042F631 /* Frameworks */,
			);
			sourceTree = "<group>";
		};
		4211D3462C8845300042F631 /* Products */ = {
			isa = PBXGroup;
			children = (
				4211D3452C8845300042F631 /* News.framework */,
			);
			name = Products;
			sourceTree = "<group>";
		};
		4211D3472C8845300042F631 /* News */ = {
			isa = PBXGroup;
			children = (
				4211D35A2C8845610042F631 /* ArticleVerticalListItemView.swift */,
				4211D35C2C8845610042F631 /* ArticleListContentView.swift */,
				4211D35B2C8845610042F631 /* ArticleListScreenView.swift */,
				4211D3612C8845610042F631 /* ArticleContentView.swift */,
				4211D3602C8845610042F631 /* ArticleWebView.swift */,
				4211D3632C8845610042F631 /* ArticleScreenView.swift */,
				4211D35D2C8845610042F631 /* ArticleHorizontalListItemView.swift */,
				4211D3622C8845610042F631 /* ArticleListItemView.swift */,
				4211D35E2C8845610042F631 /* ArticleListScreenCreator.swift */,
				4211D35F2C8845610042F631 /* ArticleScreenCreator.swift */,
				4211D3482C8845300042F631 /* News.h */,
			);
			path = News;
			sourceTree = "<group>";
		};
		4211D34F2C88453A0042F631 /* Frameworks */ = {
			isa = PBXGroup;
			children = (
				4211D3572C8845430042F631 /* Mvvm.framework */,
				4211D3542C88453F0042F631 /* Views.framework */,
				4211D3502C88453A0042F631 /* BuildSharedFramework.framework */,
			);
			name = Frameworks;
			sourceTree = "<group>";
		};
/* End PBXGroup section */

/* Begin PBXHeadersBuildPhase section */
		4211D3402C8845300042F631 /* Headers */ = {
			isa = PBXHeadersBuildPhase;
			buildActionMask = 2147483647;
			files = (
				4211D3492C8845300042F631 /* News.h in Headers */,
			);
			runOnlyForDeploymentPostprocessing = 0;
		};
/* End PBXHeadersBuildPhase section */

/* Begin PBXNativeTarget section */
		4211D3442C8845300042F631 /* News */ = {
			isa = PBXNativeTarget;
			buildConfigurationList = 4211D34C2C8845300042F631 /* Build configuration list for PBXNativeTarget "News" */;
			buildPhases = (
				4211D3402C8845300042F631 /* Headers */,
				4211D3412C8845300042F631 /* Sources */,
				4211D3422C8845300042F631 /* Frameworks */,
				4211D3432C8845300042F631 /* Resources */,
				4211D3532C88453A0042F631 /* Embed Frameworks */,
			);
			buildRules = (
			);
			dependencies = (
			);
			name = News;
			productName = News;
			productReference = 4211D3452C8845300042F631 /* News.framework */;
			productType = "com.apple.product-type.framework";
		};
/* End PBXNativeTarget section */

/* Begin PBXProject section */
		4211D33C2C8845300042F631 /* Project object */ = {
			isa = PBXProject;
			attributes = {
				BuildIndependentTargetsInParallel = 1;
				LastUpgradeCheck = 1540;
				TargetAttributes = {
					4211D3442C8845300042F631 = {
						CreatedOnToolsVersion = 15.4;
					};
				};
			};
			buildConfigurationList = 4211D33F2C8845300042F631 /* Build configuration list for PBXProject "News" */;
			compatibilityVersion = "Xcode 14.0";
			developmentRegion = en;
			hasScannedForEncodings = 0;
			knownRegions = (
				en,
				Base,
			);
			mainGroup = 4211D33B2C8845300042F631;
			productRefGroup = 4211D3462C8845300042F631 /* Products */;
			projectDirPath = "";
			projectRoot = "";
			targets = (
				4211D3442C8845300042F631 /* News */,
			);
		};
/* End PBXProject section */

/* Begin PBXResourcesBuildPhase section */
		4211D3432C8845300042F631 /* Resources */ = {
			isa = PBXResourcesBuildPhase;
			buildActionMask = 2147483647;
			files = (
			);
			runOnlyForDeploymentPostprocessing = 0;
		};
/* End PBXResourcesBuildPhase section */

/* Begin PBXSourcesBuildPhase section */
		4211D3412C8845300042F631 /* Sources */ = {
			isa = PBXSourcesBuildPhase;
			buildActionMask = 2147483647;
			files = (
				4211D3642C8845610042F631 /* ArticleHorizontalListItemView.swift in Sources */,
				4211D36B2C8845610042F631 /* ArticleScreenView.swift in Sources */,
				4211D36C2C8845610042F631 /* ArticleListScreenView.swift in Sources */,
				4211D3672C8845610042F631 /* ArticleListContentView.swift in Sources */,
				4211D3682C8845610042F631 /* ArticleListItemView.swift in Sources */,
				4211D3692C8845610042F631 /* ArticleListScreenCreator.swift in Sources */,
				4211D3662C8845610042F631 /* ArticleContentView.swift in Sources */,
				4211D36A2C8845610042F631 /* ArticleWebView.swift in Sources */,
				4211D36D2C8845610042F631 /* ArticleVerticalListItemView.swift in Sources */,
				4211D3652C8845610042F631 /* ArticleScreenCreator.swift in Sources */,
			);
			runOnlyForDeploymentPostprocessing = 0;
		};
/* End PBXSourcesBuildPhase section */

/* Begin XCBuildConfiguration section */
		4211D34A2C8845300042F631 /* Debug */ = {
			isa = XCBuildConfiguration;
			buildSettings = {
				ALWAYS_SEARCH_USER_PATHS = NO;
				ASSETCATALOG_COMPILER_GENERATE_SWIFT_ASSET_SYMBOL_EXTENSIONS = YES;
				CLANG_ANALYZER_NONNULL = YES;
				CLANG_ANALYZER_NUMBER_OBJECT_CONVERSION = YES_AGGRESSIVE;
				CLANG_CXX_LANGUAGE_STANDARD = "gnu++20";
				CLANG_ENABLE_MODULES = YES;
				CLANG_ENABLE_OBJC_ARC = YES;
				CLANG_ENABLE_OBJC_WEAK = YES;
				CLANG_WARN_BLOCK_CAPTURE_AUTORELEASING = YES;
				CLANG_WARN_BOOL_CONVERSION = YES;
				CLANG_WARN_COMMA = YES;
				CLANG_WARN_CONSTANT_CONVERSION = YES;
				CLANG_WARN_DEPRECATED_OBJC_IMPLEMENTATIONS = YES;
				CLANG_WARN_DIRECT_OBJC_ISA_USAGE = YES_ERROR;
				CLANG_WARN_DOCUMENTATION_COMMENTS = YES;
				CLANG_WARN_EMPTY_BODY = YES;
				CLANG_WARN_ENUM_CONVERSION = YES;
				CLANG_WARN_INFINITE_RECURSION = YES;
				CLANG_WARN_INT_CONVERSION = YES;
				CLANG_WARN_NON_LITERAL_NULL_CONVERSION = YES;
				CLANG_WARN_OBJC_IMPLICIT_RETAIN_SELF = YES;
				CLANG_WARN_OBJC_LITERAL_CONVERSION = YES;
				CLANG_WARN_OBJC_ROOT_CLASS = YES_ERROR;
				CLANG_WARN_QUOTED_INCLUDE_IN_FRAMEWORK_HEADER = YES;
				CLANG_WARN_RANGE_LOOP_ANALYSIS = YES;
				CLANG_WARN_STRICT_PROTOTYPES = YES;
				CLANG_WARN_SUSPICIOUS_MOVE = YES;
				CLANG_WARN_UNGUARDED_AVAILABILITY = YES_AGGRESSIVE;
				CLANG_WARN_UNREACHABLE_CODE = YES;
				CLANG_WARN__DUPLICATE_METHOD_MATCH = YES;
				COPY_PHASE_STRIP = NO;
				CURRENT_PROJECT_VERSION = 1;
				DEBUG_INFORMATION_FORMAT = dwarf;
				ENABLE_STRICT_OBJC_MSGSEND = YES;
				ENABLE_TESTABILITY = YES;
				ENABLE_USER_SCRIPT_SANDBOXING = YES;
				GCC_C_LANGUAGE_STANDARD = gnu17;
				GCC_DYNAMIC_NO_PIC = NO;
				GCC_NO_COMMON_BLOCKS = YES;
				GCC_OPTIMIZATION_LEVEL = 0;
				GCC_PREPROCESSOR_DEFINITIONS = (
					"DEBUG=1",
					"$(inherited)",
				);
				GCC_WARN_64_TO_32_BIT_CONVERSION = YES;
				GCC_WARN_ABOUT_RETURN_TYPE = YES_ERROR;
				GCC_WARN_UNDECLARED_SELECTOR = YES;
				GCC_WARN_UNINITIALIZED_AUTOS = YES_AGGRESSIVE;
				GCC_WARN_UNUSED_FUNCTION = YES;
				GCC_WARN_UNUSED_VARIABLE = YES;
				IPHONEOS_DEPLOYMENT_TARGET = 17.5;
				LOCALIZATION_PREFERS_STRING_CATALOGS = YES;
				MTL_ENABLE_DEBUG_INFO = INCLUDE_SOURCE;
				MTL_FAST_MATH = YES;
				ONLY_ACTIVE_ARCH = YES;
				SDKROOT = iphoneos;
				SWIFT_ACTIVE_COMPILATION_CONDITIONS = "DEBUG $(inherited)";
				SWIFT_OPTIMIZATION_LEVEL = "-Onone";
				VERSIONING_SYSTEM = "apple-generic";
				VERSION_INFO_PREFIX = "";
			};
			name = Debug;
		};
		4211D34B2C8845300042F631 /* Release */ = {
			isa = XCBuildConfiguration;
			buildSettings = {
				ALWAYS_SEARCH_USER_PATHS = NO;
				ASSETCATALOG_COMPILER_GENERATE_SWIFT_ASSET_SYMBOL_EXTENSIONS = YES;
				CLANG_ANALYZER_NONNULL = YES;
				CLANG_ANALYZER_NUMBER_OBJECT_CONVERSION = YES_AGGRESSIVE;
				CLANG_CXX_LANGUAGE_STANDARD = "gnu++20";
				CLANG_ENABLE_MODULES = YES;
				CLANG_ENABLE_OBJC_ARC = YES;
				CLANG_ENABLE_OBJC_WEAK = YES;
				CLANG_WARN_BLOCK_CAPTURE_AUTORELEASING = YES;
				CLANG_WARN_BOOL_CONVERSION = YES;
				CLANG_WARN_COMMA = YES;
				CLANG_WARN_CONSTANT_CONVERSION = YES;
				CLANG_WARN_DEPRECATED_OBJC_IMPLEMENTATIONS = YES;
				CLANG_WARN_DIRECT_OBJC_ISA_USAGE = YES_ERROR;
				CLANG_WARN_DOCUMENTATION_COMMENTS = YES;
				CLANG_WARN_EMPTY_BODY = YES;
				CLANG_WARN_ENUM_CONVERSION = YES;
				CLANG_WARN_INFINITE_RECURSION = YES;
				CLANG_WARN_INT_CONVERSION = YES;
				CLANG_WARN_NON_LITERAL_NULL_CONVERSION = YES;
				CLANG_WARN_OBJC_IMPLICIT_RETAIN_SELF = YES;
				CLANG_WARN_OBJC_LITERAL_CONVERSION = YES;
				CLANG_WARN_OBJC_ROOT_CLASS = YES_ERROR;
				CLANG_WARN_QUOTED_INCLUDE_IN_FRAMEWORK_HEADER = YES;
				CLANG_WARN_RANGE_LOOP_ANALYSIS = YES;
				CLANG_WARN_STRICT_PROTOTYPES = YES;
				CLANG_WARN_SUSPICIOUS_MOVE = YES;
				CLANG_WARN_UNGUARDED_AVAILABILITY = YES_AGGRESSIVE;
				CLANG_WARN_UNREACHABLE_CODE = YES;
				CLANG_WARN__DUPLICATE_METHOD_MATCH = YES;
				COPY_PHASE_STRIP = NO;
				CURRENT_PROJECT_VERSION = 1;
				DEBUG_INFORMATION_FORMAT = "dwarf-with-dsym";
				ENABLE_NS_ASSERTIONS = NO;
				ENABLE_STRICT_OBJC_MSGSEND = YES;
				ENABLE_USER_SCRIPT_SANDBOXING = YES;
				GCC_C_LANGUAGE_STANDARD = gnu17;
				GCC_NO_COMMON_BLOCKS = YES;
				GCC_WARN_64_TO_32_BIT_CONVERSION = YES;
				GCC_WARN_ABOUT_RETURN_TYPE = YES_ERROR;
				GCC_WARN_UNDECLARED_SELECTOR = YES;
				GCC_WARN_UNINITIALIZED_AUTOS = YES_AGGRESSIVE;
				GCC_WARN_UNUSED_FUNCTION = YES;
				GCC_WARN_UNUSED_VARIABLE = YES;
				IPHONEOS_DEPLOYMENT_TARGET = 17.5;
				LOCALIZATION_PREFERS_STRING_CATALOGS = YES;
				MTL_ENABLE_DEBUG_INFO = NO;
				MTL_FAST_MATH = YES;
				SDKROOT = iphoneos;
				SWIFT_COMPILATION_MODE = wholemodule;
				VALIDATE_PRODUCT = YES;
				VERSIONING_SYSTEM = "apple-generic";
				VERSION_INFO_PREFIX = "";
			};
			name = Release;
		};
		4211D34D2C8845300042F631 /* Debug */ = {
			isa = XCBuildConfiguration;
			buildSettings = {
				BUILD_LIBRARY_FOR_DISTRIBUTION = YES;
				CODE_SIGN_STYLE = Automatic;
				CURRENT_PROJECT_VERSION = 1;
				DEFINES_MODULE = YES;
				DEVELOPMENT_TEAM = Z3L9WQ82SG;
				DYLIB_COMPATIBILITY_VERSION = 1;
				DYLIB_CURRENT_VERSION = 1;
				DYLIB_INSTALL_NAME_BASE = "@rpath";
				ENABLE_MODULE_VERIFIER = NO;
				FRAMEWORK_SEARCH_PATHS = "$(SRCROOT)/../../shared/build/xcode-frameworks/$(CONFIGURATION)/$(SDK_NAME)";
				GENERATE_INFOPLIST_FILE = YES;
				INFOPLIST_KEY_NSHumanReadableCopyright = "";
				INSTALL_PATH = "$(LOCAL_LIBRARY_DIR)/Frameworks";
				LD_RUNPATH_SEARCH_PATHS = (
					"$(inherited)",
					"@executable_path/Frameworks",
					"@loader_path/Frameworks",
					"$(SRCROOT)/../../shared/build/xcode-frameworks/$(CONFIGURATION)/$(SDK_NAME)",
				);
				MARKETING_VERSION = 1.0;
				MODULE_VERIFIER_SUPPORTED_LANGUAGES = "objective-c objective-c++";
				MODULE_VERIFIER_SUPPORTED_LANGUAGE_STANDARDS = "gnu17 gnu++20";
				PRODUCT_BUNDLE_IDENTIFIER = OpenCritic.News;
				PRODUCT_NAME = "$(TARGET_NAME:c99extidentifier)";
				SKIP_INSTALL = YES;
				SWIFT_EMIT_LOC_STRINGS = YES;
				SWIFT_INSTALL_OBJC_HEADER = NO;
				SWIFT_VERSION = 5.0;
				TARGETED_DEVICE_FAMILY = "1,2";
			};
			name = Debug;
		};
		4211D34E2C8845300042F631 /* Release */ = {
			isa = XCBuildConfiguration;
			buildSettings = {
				BUILD_LIBRARY_FOR_DISTRIBUTION = YES;
				CODE_SIGN_STYLE = Automatic;
				CURRENT_PROJECT_VERSION = 1;
				DEFINES_MODULE = YES;
				DEVELOPMENT_TEAM = Z3L9WQ82SG;
				DYLIB_COMPATIBILITY_VERSION = 1;
				DYLIB_CURRENT_VERSION = 1;
				DYLIB_INSTALL_NAME_BASE = "@rpath";
				ENABLE_MODULE_VERIFIER = NO;
				FRAMEWORK_SEARCH_PATHS = "$(SRCROOT)/../../shared/build/xcode-frameworks/$(CONFIGURATION)/$(SDK_NAME)";
				GENERATE_INFOPLIST_FILE = YES;
				INFOPLIST_KEY_NSHumanReadableCopyright = "";
				INSTALL_PATH = "$(LOCAL_LIBRARY_DIR)/Frameworks";
				LD_RUNPATH_SEARCH_PATHS = (
					"$(inherited)",
					"@executable_path/Frameworks",
					"@loader_path/Frameworks",
					"$(SRCROOT)/../../shared/build/xcode-frameworks/$(CONFIGURATION)/$(SDK_NAME)",
				);
				MARKETING_VERSION = 1.0;
				MODULE_VERIFIER_SUPPORTED_LANGUAGES = "objective-c objective-c++";
				MODULE_VERIFIER_SUPPORTED_LANGUAGE_STANDARDS = "gnu17 gnu++20";
				PRODUCT_BUNDLE_IDENTIFIER = OpenCritic.News;
				PRODUCT_NAME = "$(TARGET_NAME:c99extidentifier)";
				SKIP_INSTALL = YES;
				SWIFT_EMIT_LOC_STRINGS = YES;
				SWIFT_INSTALL_OBJC_HEADER = NO;
				SWIFT_VERSION = 5.0;
				TARGETED_DEVICE_FAMILY = "1,2";
			};
			name = Release;
		};
/* End XCBuildConfiguration section */

/* Begin XCConfigurationList section */
		4211D33F2C8845300042F631 /* Build configuration list for PBXProject "News" */ = {
			isa = XCConfigurationList;
			buildConfigurations = (
				4211D34A2C8845300042F631 /* Debug */,
				4211D34B2C8845300042F631 /* Release */,
			);
			defaultConfigurationIsVisible = 0;
			defaultConfigurationName = Release;
		};
		4211D34C2C8845300042F631 /* Build configuration list for PBXNativeTarget "News" */ = {
			isa = XCConfigurationList;
			buildConfigurations = (
				4211D34D2C8845300042F631 /* Debug */,
				4211D34E2C8845300042F631 /* Release */,
			);
			defaultConfigurationIsVisible = 0;
			defaultConfigurationName = Release;
		};
/* End XCConfigurationList section */
	};
	rootObject = 4211D33C2C8845300042F631 /* Project object */;
}
